
Microsoft Visual Studio Solution File, Format Version 12.00
# Visual Studio Version 16
VisualStudioVersion = 16.0.31605.320
MinimumVisualStudioVersion = 10.0.40219.1
Project("{FAE04EC0-301F-11D3-BF4B-00C04F79EFBC}") = "SetCalculator", "SetCalculator\SetCalculator.csproj", "{A240F7B9-651D-4E16-A99B-5B7B25937729}"
EndProject
Global
	GlobalSection(SolutionConfigurationPlatforms) = preSolution
		Debug|Any CPU = Debug|Any CPU
		Release|Any CPU = Release|Any CPU
	EndGlobalSection
	GlobalSection(ProjectConfigurationPlatforms) = postSolution
		{A240F7B9-651D-4E16-A99B-5B7B25937729}.Debug|Any CPU.ActiveCfg = Debug|Any CPU
		{A240F7B9-651D-4E16-A99B-5B7B25937729}.Debug|Any CPU.Build.0 = Debug|Any CPU
		{A240F7B9-651D-4E16-A99B-5B7B25937729}.Release|Any CPU.ActiveCfg = Release|Any CPU
		{A240F7B9-651D-4E16-A99B-5B7B25937729}.Release|Any CPU.Build.0 = Release|Any CPU
	EndGlobalSection
	GlobalSection(SolutionProperties) = preSolution
		HideSolutionNode = FALSE
	EndGlobalSection
	GlobalSection(ExtensibilityGlobals) = postSolution
		SolutionGuid = {393CBF33-49FF-4D91-9235-B7EE7071AF61}
	EndGlobalSection
EndGlobal
